// !$*UTF8*$!
{
	archiveVersion = 1;
	classes = {
	};
	objectVersion = 56;
	objects = {

/* Begin PBXBuildFile section */
		EDF0F02C29F4B6F300DD41F5 /* AppDelegate.swift in Sources */ = {isa = PBXBuildFile; fileRef = EDF0F02B29F4B6F300DD41F5 /* AppDelegate.swift */; };
		EDF0F02E29F4B6F300DD41F5 /* SceneDelegate.swift in Sources */ = {isa = PBXBuildFile; fileRef = EDF0F02D29F4B6F300DD41F5 /* SceneDelegate.swift */; };
		EDF0F03629F4B6F300DD41F5 /* CodeAcademy_Final.xcdatamodeld in Sources */ = {isa = PBXBuildFile; fileRef = EDF0F03429F4B6F300DD41F5 /* CodeAcademy_Final.xcdatamodeld */; };
		EDF0F03B29F4B6F600DD41F5 /* LaunchScreen.storyboard in Resources */ = {isa = PBXBuildFile; fileRef = EDF0F03929F4B6F600DD41F5 /* LaunchScreen.storyboard */; };
		EDF0F04829F4B77A00DD41F5 /* LoginViewController.swift in Sources */ = {isa = PBXBuildFile; fileRef = EDF0F04429F4B77A00DD41F5 /* LoginViewController.swift */; };
		EDF0F04929F4B77A00DD41F5 /* LoginViewController.xib in Resources */ = {isa = PBXBuildFile; fileRef = EDF0F04729F4B77A00DD41F5 /* LoginViewController.xib */; };
		EDF0F04C29F4B7A400DD41F5 /* Assets.xcassets in Resources */ = {isa = PBXBuildFile; fileRef = EDF0F04B29F4B7A300DD41F5 /* Assets.xcassets */; };
		EDF0F04F29F4B7C500DD41F5 /* TabBarViewController.swift in Sources */ = {isa = PBXBuildFile; fileRef = EDF0F04E29F4B7C500DD41F5 /* TabBarViewController.swift */; };
		EDF0F06229F4B7CF00DD41F5 /* NetworkService.swift in Sources */ = {isa = PBXBuildFile; fileRef = EDF0F05229F4B7CF00DD41F5 /* NetworkService.swift */; };
		EDF0F06329F4B7CF00DD41F5 /* NetworkError.swift in Sources */ = {isa = PBXBuildFile; fileRef = EDF0F05329F4B7CF00DD41F5 /* NetworkError.swift */; };
		EDF0F06429F4B7CF00DD41F5 /* UserInfo.swift in Sources */ = {isa = PBXBuildFile; fileRef = EDF0F05529F4B7CF00DD41F5 /* UserInfo.swift */; };
		EDF0F06529F4B7CF00DD41F5 /* ServiceAPI.swift in Sources */ = {isa = PBXBuildFile; fileRef = EDF0F05629F4B7CF00DD41F5 /* ServiceAPI.swift */; };
		EDF0F06629F4B7CF00DD41F5 /* TransactionInfo.swift in Sources */ = {isa = PBXBuildFile; fileRef = EDF0F05729F4B7CF00DD41F5 /* TransactionInfo.swift */; };
		EDF0F06729F4B7CF00DD41F5 /* UpdateUserResponse.swift in Sources */ = {isa = PBXBuildFile; fileRef = EDF0F05829F4B7CF00DD41F5 /* UpdateUserResponse.swift */; };
		EDF0F06829F4B7CF00DD41F5 /* UserAuthenticationResponse.swift in Sources */ = {isa = PBXBuildFile; fileRef = EDF0F05929F4B7CF00DD41F5 /* UserAuthenticationResponse.swift */; };
		EDF0F06929F4B7CF00DD41F5 /* UpdateUserRequest.swift in Sources */ = {isa = PBXBuildFile; fileRef = EDF0F05A29F4B7CF00DD41F5 /* UpdateUserRequest.swift */; };
		EDF0F06A29F4B7CF00DD41F5 /* UserRegisterRequest.swift in Sources */ = {isa = PBXBuildFile; fileRef = EDF0F05B29F4B7CF00DD41F5 /* UserRegisterRequest.swift */; };
		EDF0F06C29F4B7CF00DD41F5 /* UserRegisterResponse.swift in Sources */ = {isa = PBXBuildFile; fileRef = EDF0F05D29F4B7CF00DD41F5 /* UserRegisterResponse.swift */; };
		EDF0F06D29F4B7CF00DD41F5 /* UserAuthorizationRequest.swift in Sources */ = {isa = PBXBuildFile; fileRef = EDF0F05E29F4B7CF00DD41F5 /* UserAuthorizationRequest.swift */; };
		EDF0F06E29F4B7CF00DD41F5 /* UpdateBalanceRequest.swift in Sources */ = {isa = PBXBuildFile; fileRef = EDF0F05F29F4B7CF00DD41F5 /* UpdateBalanceRequest.swift */; };
		EDF0F06F29F4B7CF00DD41F5 /* AccountInfo.swift in Sources */ = {isa = PBXBuildFile; fileRef = EDF0F06029F4B7CF00DD41F5 /* AccountInfo.swift */; };
		EDF0F07029F4B7CF00DD41F5 /* Transfer.swift in Sources */ = {isa = PBXBuildFile; fileRef = EDF0F06129F4B7CF00DD41F5 /* Transfer.swift */; };
		EDF0F07329F4B82300DD41F5 /* AlertControllerExtension.swift in Sources */ = {isa = PBXBuildFile; fileRef = EDF0F07229F4B82300DD41F5 /* AlertControllerExtension.swift */; };
		EDF0F07929F4B82800DD41F5 /* HomeViewController.swift in Sources */ = {isa = PBXBuildFile; fileRef = EDF0F07629F4B82800DD41F5 /* HomeViewController.swift */; };
		EDF0F07C29F4B83000DD41F5 /* TransferViewController.swift in Sources */ = {isa = PBXBuildFile; fileRef = EDF0F07B29F4B83000DD41F5 /* TransferViewController.swift */; };
		EDF0F08229F4B83B00DD41F5 /* SettingsViewController.swift in Sources */ = {isa = PBXBuildFile; fileRef = EDF0F07F29F4B83B00DD41F5 /* SettingsViewController.swift */; };
		EDF0F08A29F4B86000DD41F5 /* TransactionsListViewController.swift in Sources */ = {isa = PBXBuildFile; fileRef = EDF0F08529F4B86000DD41F5 /* TransactionsListViewController.swift */; };
		EDF0F08B29F4B86000DD41F5 /* TransactionsListView.xib in Resources */ = {isa = PBXBuildFile; fileRef = EDF0F08829F4B86000DD41F5 /* TransactionsListView.xib */; };
		EDF0F09029F4B87400DD41F5 /* TransactionsListTableViewCell.swift in Sources */ = {isa = PBXBuildFile; fileRef = EDF0F08E29F4B87400DD41F5 /* TransactionsListTableViewCell.swift */; };
		EDF0F09129F4B87400DD41F5 /* ListCell.swift in Sources */ = {isa = PBXBuildFile; fileRef = EDF0F08F29F4B87400DD41F5 /* ListCell.swift */; };
		EDF0F09329F4B87E00DD41F5 /* CoreDataManager.swift in Sources */ = {isa = PBXBuildFile; fileRef = EDF0F09229F4B87E00DD41F5 /* CoreDataManager.swift */; };
		EDF0F09629F4B89400DD41F5 /* TransactionsViewModel.swift in Sources */ = {isa = PBXBuildFile; fileRef = EDF0F09529F4B89300DD41F5 /* TransactionsViewModel.swift */; };
		EDF0F09929F4B90B00DD41F5 /* TransactionEntity+CoreDataClass.swift in Sources */ = {isa = PBXBuildFile; fileRef = EDF0F09729F4B90B00DD41F5 /* TransactionEntity+CoreDataClass.swift */; };
		EDF0F09A29F4B90B00DD41F5 /* TransactionEntity+CoreDataProperties.swift in Sources */ = {isa = PBXBuildFile; fileRef = EDF0F09829F4B90B00DD41F5 /* TransactionEntity+CoreDataProperties.swift */; };
		EDF0F0FF29F6522600DD41F5 /* ListCell2.swift in Sources */ = {isa = PBXBuildFile; fileRef = EDF0F0FE29F6522600DD41F5 /* ListCell2.swift */; };
/* End PBXBuildFile section */

/* Begin PBXFileReference section */
		EDF0F02829F4B6F300DD41F5 /* CodeAcademy_Final.app */ = {isa = PBXFileReference; explicitFileType = wrapper.application; includeInIndex = 0; path = CodeAcademy_Final.app; sourceTree = BUILT_PRODUCTS_DIR; };
		EDF0F02B29F4B6F300DD41F5 /* AppDelegate.swift */ = {isa = PBXFileReference; lastKnownFileType = sourcecode.swift; path = AppDelegate.swift; sourceTree = "<group>"; };
		EDF0F02D29F4B6F300DD41F5 /* SceneDelegate.swift */ = {isa = PBXFileReference; lastKnownFileType = sourcecode.swift; path = SceneDelegate.swift; sourceTree = "<group>"; };
		EDF0F03529F4B6F300DD41F5 /* CodeAcademy_Final.xcdatamodel */ = {isa = PBXFileReference; lastKnownFileType = wrapper.xcdatamodel; path = CodeAcademy_Final.xcdatamodel; sourceTree = "<group>"; };
		EDF0F03A29F4B6F600DD41F5 /* Base */ = {isa = PBXFileReference; lastKnownFileType = file.storyboard; name = Base; path = Base.lproj/LaunchScreen.storyboard; sourceTree = "<group>"; };
		EDF0F03C29F4B6F600DD41F5 /* Info.plist */ = {isa = PBXFileReference; lastKnownFileType = text.plist.xml; path = Info.plist; sourceTree = "<group>"; };
		EDF0F04429F4B77A00DD41F5 /* LoginViewController.swift */ = {isa = PBXFileReference; fileEncoding = 4; lastKnownFileType = sourcecode.swift; path = LoginViewController.swift; sourceTree = "<group>"; };
		EDF0F04729F4B77A00DD41F5 /* LoginViewController.xib */ = {isa = PBXFileReference; fileEncoding = 4; lastKnownFileType = file.xib; path = LoginViewController.xib; sourceTree = "<group>"; };
		EDF0F04B29F4B7A300DD41F5 /* Assets.xcassets */ = {isa = PBXFileReference; lastKnownFileType = folder.assetcatalog; path = Assets.xcassets; sourceTree = "<group>"; };
		EDF0F04E29F4B7C500DD41F5 /* TabBarViewController.swift */ = {isa = PBXFileReference; fileEncoding = 4; lastKnownFileType = sourcecode.swift; path = TabBarViewController.swift; sourceTree = "<group>"; };
		EDF0F05229F4B7CF00DD41F5 /* NetworkService.swift */ = {isa = PBXFileReference; fileEncoding = 4; lastKnownFileType = sourcecode.swift; path = NetworkService.swift; sourceTree = "<group>"; };
		EDF0F05329F4B7CF00DD41F5 /* NetworkError.swift */ = {isa = PBXFileReference; fileEncoding = 4; lastKnownFileType = sourcecode.swift; path = NetworkError.swift; sourceTree = "<group>"; };
		EDF0F05529F4B7CF00DD41F5 /* UserInfo.swift */ = {isa = PBXFileReference; fileEncoding = 4; lastKnownFileType = sourcecode.swift; path = UserInfo.swift; sourceTree = "<group>"; };
		EDF0F05629F4B7CF00DD41F5 /* ServiceAPI.swift */ = {isa = PBXFileReference; fileEncoding = 4; lastKnownFileType = sourcecode.swift; path = ServiceAPI.swift; sourceTree = "<group>"; };
		EDF0F05729F4B7CF00DD41F5 /* TransactionInfo.swift */ = {isa = PBXFileReference; fileEncoding = 4; lastKnownFileType = sourcecode.swift; path = TransactionInfo.swift; sourceTree = "<group>"; };
		EDF0F05829F4B7CF00DD41F5 /* UpdateUserResponse.swift */ = {isa = PBXFileReference; fileEncoding = 4; lastKnownFileType = sourcecode.swift; path = UpdateUserResponse.swift; sourceTree = "<group>"; };
		EDF0F05929F4B7CF00DD41F5 /* UserAuthenticationResponse.swift */ = {isa = PBXFileReference; fileEncoding = 4; lastKnownFileType = sourcecode.swift; path = UserAuthenticationResponse.swift; sourceTree = "<group>"; };
		EDF0F05A29F4B7CF00DD41F5 /* UpdateUserRequest.swift */ = {isa = PBXFileReference; fileEncoding = 4; lastKnownFileType = sourcecode.swift; path = UpdateUserRequest.swift; sourceTree = "<group>"; };
		EDF0F05B29F4B7CF00DD41F5 /* UserRegisterRequest.swift */ = {isa = PBXFileReference; fileEncoding = 4; lastKnownFileType = sourcecode.swift; path = UserRegisterRequest.swift; sourceTree = "<group>"; };
		EDF0F05D29F4B7CF00DD41F5 /* UserRegisterResponse.swift */ = {isa = PBXFileReference; fileEncoding = 4; lastKnownFileType = sourcecode.swift; path = UserRegisterResponse.swift; sourceTree = "<group>"; };
		EDF0F05E29F4B7CF00DD41F5 /* UserAuthorizationRequest.swift */ = {isa = PBXFileReference; fileEncoding = 4; lastKnownFileType = sourcecode.swift; path = UserAuthorizationRequest.swift; sourceTree = "<group>"; };
		EDF0F05F29F4B7CF00DD41F5 /* UpdateBalanceRequest.swift */ = {isa = PBXFileReference; fileEncoding = 4; lastKnownFileType = sourcecode.swift; path = UpdateBalanceRequest.swift; sourceTree = "<group>"; };
		EDF0F06029F4B7CF00DD41F5 /* AccountInfo.swift */ = {isa = PBXFileReference; fileEncoding = 4; lastKnownFileType = sourcecode.swift; path = AccountInfo.swift; sourceTree = "<group>"; };
		EDF0F06129F4B7CF00DD41F5 /* Transfer.swift */ = {isa = PBXFileReference; fileEncoding = 4; lastKnownFileType = sourcecode.swift; path = Transfer.swift; sourceTree = "<group>"; };
		EDF0F07229F4B82300DD41F5 /* AlertControllerExtension.swift */ = {isa = PBXFileReference; fileEncoding = 4; lastKnownFileType = sourcecode.swift; path = AlertControllerExtension.swift; sourceTree = "<group>"; };
		EDF0F07629F4B82800DD41F5 /* HomeViewController.swift */ = {isa = PBXFileReference; fileEncoding = 4; lastKnownFileType = sourcecode.swift; path = HomeViewController.swift; sourceTree = "<group>"; };
		EDF0F07B29F4B83000DD41F5 /* TransferViewController.swift */ = {isa = PBXFileReference; fileEncoding = 4; lastKnownFileType = sourcecode.swift; path = TransferViewController.swift; sourceTree = "<group>"; };
		EDF0F07F29F4B83B00DD41F5 /* SettingsViewController.swift */ = {isa = PBXFileReference; fileEncoding = 4; lastKnownFileType = sourcecode.swift; path = SettingsViewController.swift; sourceTree = "<group>"; };
		EDF0F08529F4B86000DD41F5 /* TransactionsListViewController.swift */ = {isa = PBXFileReference; fileEncoding = 4; lastKnownFileType = sourcecode.swift; path = TransactionsListViewController.swift; sourceTree = "<group>"; };
		EDF0F08829F4B86000DD41F5 /* TransactionsListView.xib */ = {isa = PBXFileReference; fileEncoding = 4; lastKnownFileType = file.xib; path = TransactionsListView.xib; sourceTree = "<group>"; };
		EDF0F08E29F4B87400DD41F5 /* TransactionsListTableViewCell.swift */ = {isa = PBXFileReference; fileEncoding = 4; lastKnownFileType = sourcecode.swift; path = TransactionsListTableViewCell.swift; sourceTree = "<group>"; };
		EDF0F08F29F4B87400DD41F5 /* ListCell.swift */ = {isa = PBXFileReference; fileEncoding = 4; lastKnownFileType = sourcecode.swift; path = ListCell.swift; sourceTree = "<group>"; };
		EDF0F09229F4B87E00DD41F5 /* CoreDataManager.swift */ = {isa = PBXFileReference; fileEncoding = 4; lastKnownFileType = sourcecode.swift; path = CoreDataManager.swift; sourceTree = "<group>"; };
		EDF0F09529F4B89300DD41F5 /* TransactionsViewModel.swift */ = {isa = PBXFileReference; fileEncoding = 4; lastKnownFileType = sourcecode.swift; path = TransactionsViewModel.swift; sourceTree = "<group>"; };
		EDF0F09729F4B90B00DD41F5 /* TransactionEntity+CoreDataClass.swift */ = {isa = PBXFileReference; lastKnownFileType = sourcecode.swift; path = "TransactionEntity+CoreDataClass.swift"; sourceTree = "<group>"; };
		EDF0F09829F4B90B00DD41F5 /* TransactionEntity+CoreDataProperties.swift */ = {isa = PBXFileReference; lastKnownFileType = sourcecode.swift; path = "TransactionEntity+CoreDataProperties.swift"; sourceTree = "<group>"; };
		EDF0F0FE29F6522600DD41F5 /* ListCell2.swift */ = {isa = PBXFileReference; lastKnownFileType = sourcecode.swift; path = ListCell2.swift; sourceTree = "<group>"; };
/* End PBXFileReference section */

/* Begin PBXFrameworksBuildPhase section */
		EDF0F02529F4B6F300DD41F5 /* Frameworks */ = {
			isa = PBXFrameworksBuildPhase;
			buildActionMask = 2147483647;
			files = (
			);
			runOnlyForDeploymentPostprocessing = 0;
		};
/* End PBXFrameworksBuildPhase section */

/* Begin PBXGroup section */
		EDF0F01F29F4B6F300DD41F5 = {
			isa = PBXGroup;
			children = (
				EDF0F02A29F4B6F300DD41F5 /* CodeAcademy_Final */,
				EDF0F02929F4B6F300DD41F5 /* Products */,
			);
			sourceTree = "<group>";
		};
		EDF0F02929F4B6F300DD41F5 /* Products */ = {
			isa = PBXGroup;
			children = (
				EDF0F02829F4B6F300DD41F5 /* CodeAcademy_Final.app */,
			);
			name = Products;
			sourceTree = "<group>";
		};
		EDF0F02A29F4B6F300DD41F5 /* CodeAcademy_Final */ = {
			isa = PBXGroup;
			children = (
				EDF0F08329F4B86000DD41F5 /* TransactionsList */,
				EDF0F09D29F4B93200DD41F5 /* CoreDataModel */,
				EDF0F09429F4B89300DD41F5 /* ViewModel */,
				EDF0F08D29F4B87400DD41F5 /* Cells */,
				EDF0F07D29F4B83B00DD41F5 /* Settings */,
				EDF0F07A29F4B83000DD41F5 /* Transfer */,
				EDF0F07429F4B82800DD41F5 /* Home */,
				EDF0F07129F4B82300DD41F5 /* Extensions */,
				EDF0F05029F4B7CF00DD41F5 /* Service */,
				EDF0F04D29F4B7B200DD41F5 /* TabBar */,
				EDF0F04A29F4B79600DD41F5 /* Supporting */,
				EDF0F04229F4B77A00DD41F5 /* Login */,
				EDF0F03C29F4B6F600DD41F5 /* Info.plist */,
				EDF0F03429F4B6F300DD41F5 /* CodeAcademy_Final.xcdatamodeld */,
			);
			path = CodeAcademy_Final;
			sourceTree = "<group>";
		};
		EDF0F04229F4B77A00DD41F5 /* Login */ = {
			isa = PBXGroup;
			children = (
				EDF0F04329F4B77A00DD41F5 /* Controller */,
				EDF0F04529F4B77A00DD41F5 /* Model */,
				EDF0F04629F4B77A00DD41F5 /* View */,
			);
			path = Login;
			sourceTree = "<group>";
		};
		EDF0F04329F4B77A00DD41F5 /* Controller */ = {
			isa = PBXGroup;
			children = (
				EDF0F04429F4B77A00DD41F5 /* LoginViewController.swift */,
			);
			path = Controller;
			sourceTree = "<group>";
		};
		EDF0F04529F4B77A00DD41F5 /* Model */ = {
			isa = PBXGroup;
			children = (
			);
			path = Model;
			sourceTree = "<group>";
		};
		EDF0F04629F4B77A00DD41F5 /* View */ = {
			isa = PBXGroup;
			children = (
				EDF0F04729F4B77A00DD41F5 /* LoginViewController.xib */,
			);
			path = View;
			sourceTree = "<group>";
		};
		EDF0F04A29F4B79600DD41F5 /* Supporting */ = {
			isa = PBXGroup;
			children = (
				EDF0F04B29F4B7A300DD41F5 /* Assets.xcassets */,
				EDF0F02B29F4B6F300DD41F5 /* AppDelegate.swift */,
				EDF0F02D29F4B6F300DD41F5 /* SceneDelegate.swift */,
				EDF0F03929F4B6F600DD41F5 /* LaunchScreen.storyboard */,
			);
			path = Supporting;
			sourceTree = "<group>";
		};
		EDF0F04D29F4B7B200DD41F5 /* TabBar */ = {
			isa = PBXGroup;
			children = (
				EDF0F04E29F4B7C500DD41F5 /* TabBarViewController.swift */,
			);
			path = TabBar;
			sourceTree = "<group>";
		};
		EDF0F05029F4B7CF00DD41F5 /* Service */ = {
			isa = PBXGroup;
			children = (
				EDF0F05129F4B7CF00DD41F5 /* Networking */,
				EDF0F05429F4B7CF00DD41F5 /* ServiceAPI */,
			);
			path = Service;
			sourceTree = "<group>";
		};
		EDF0F05129F4B7CF00DD41F5 /* Networking */ = {
			isa = PBXGroup;
			children = (
				EDF0F05229F4B7CF00DD41F5 /* NetworkService.swift */,
				EDF0F05329F4B7CF00DD41F5 /* NetworkError.swift */,
			);
			path = Networking;
			sourceTree = "<group>";
		};
		EDF0F05429F4B7CF00DD41F5 /* ServiceAPI */ = {
			isa = PBXGroup;
			children = (
				EDF0F05529F4B7CF00DD41F5 /* UserInfo.swift */,
				EDF0F05629F4B7CF00DD41F5 /* ServiceAPI.swift */,
				EDF0F05729F4B7CF00DD41F5 /* TransactionInfo.swift */,
				EDF0F05829F4B7CF00DD41F5 /* UpdateUserResponse.swift */,
				EDF0F05929F4B7CF00DD41F5 /* UserAuthenticationResponse.swift */,
				EDF0F05A29F4B7CF00DD41F5 /* UpdateUserRequest.swift */,
				EDF0F05B29F4B7CF00DD41F5 /* UserRegisterRequest.swift */,
				EDF0F05D29F4B7CF00DD41F5 /* UserRegisterResponse.swift */,
				EDF0F05E29F4B7CF00DD41F5 /* UserAuthorizationRequest.swift */,
				EDF0F05F29F4B7CF00DD41F5 /* UpdateBalanceRequest.swift */,
				EDF0F06029F4B7CF00DD41F5 /* AccountInfo.swift */,
				EDF0F06129F4B7CF00DD41F5 /* Transfer.swift */,
			);
			path = ServiceAPI;
			sourceTree = "<group>";
		};
		EDF0F07129F4B82300DD41F5 /* Extensions */ = {
			isa = PBXGroup;
			children = (
				EDF0F07229F4B82300DD41F5 /* AlertControllerExtension.swift */,
			);
			path = Extensions;
			sourceTree = "<group>";
		};
		EDF0F07429F4B82800DD41F5 /* Home */ = {
			isa = PBXGroup;
			children = (
				EDF0F07529F4B82800DD41F5 /* Controller */,
				EDF0F07729F4B82800DD41F5 /* Model */,
				EDF0F07829F4B82800DD41F5 /* View */,
			);
			path = Home;
			sourceTree = "<group>";
		};
		EDF0F07529F4B82800DD41F5 /* Controller */ = {
			isa = PBXGroup;
			children = (
				EDF0F07629F4B82800DD41F5 /* HomeViewController.swift */,
			);
			path = Controller;
			sourceTree = "<group>";
		};
		EDF0F07729F4B82800DD41F5 /* Model */ = {
			isa = PBXGroup;
			children = (
			);
			path = Model;
			sourceTree = "<group>";
		};
		EDF0F07829F4B82800DD41F5 /* View */ = {
			isa = PBXGroup;
			children = (
			);
			path = View;
			sourceTree = "<group>";
		};
		EDF0F07A29F4B83000DD41F5 /* Transfer */ = {
			isa = PBXGroup;
			children = (
				EDF0F07B29F4B83000DD41F5 /* TransferViewController.swift */,
			);
			path = Transfer;
			sourceTree = "<group>";
		};
		EDF0F07D29F4B83B00DD41F5 /* Settings */ = {
			isa = PBXGroup;
			children = (
				EDF0F07E29F4B83B00DD41F5 /* Controller */,
				EDF0F08029F4B83B00DD41F5 /* Model */,
				EDF0F08129F4B83B00DD41F5 /* View */,
			);
			path = Settings;
			sourceTree = "<group>";
		};
		EDF0F07E29F4B83B00DD41F5 /* Controller */ = {
			isa = PBXGroup;
			children = (
				EDF0F07F29F4B83B00DD41F5 /* SettingsViewController.swift */,
			);
			path = Controller;
			sourceTree = "<group>";
		};
		EDF0F08029F4B83B00DD41F5 /* Model */ = {
			isa = PBXGroup;
			children = (
			);
			path = Model;
			sourceTree = "<group>";
		};
		EDF0F08129F4B83B00DD41F5 /* View */ = {
			isa = PBXGroup;
			children = (
			);
			path = View;
			sourceTree = "<group>";
		};
		EDF0F08329F4B86000DD41F5 /* TransactionsList */ = {
			isa = PBXGroup;
			children = (
				EDF0F08429F4B86000DD41F5 /* Controller */,
				EDF0F08629F4B86000DD41F5 /* Model */,
				EDF0F08729F4B86000DD41F5 /* View */,
			);
			path = TransactionsList;
			sourceTree = "<group>";
		};
		EDF0F08429F4B86000DD41F5 /* Controller */ = {
			isa = PBXGroup;
			children = (
				EDF0F08529F4B86000DD41F5 /* TransactionsListViewController.swift */,
			);
			path = Controller;
			sourceTree = "<group>";
		};
		EDF0F08629F4B86000DD41F5 /* Model */ = {
			isa = PBXGroup;
			children = (
			);
			path = Model;
			sourceTree = "<group>";
		};
		EDF0F08729F4B86000DD41F5 /* View */ = {
			isa = PBXGroup;
			children = (
				EDF0F08829F4B86000DD41F5 /* TransactionsListView.xib */,
			);
			path = View;
			sourceTree = "<group>";
		};
		EDF0F08D29F4B87400DD41F5 /* Cells */ = {
			isa = PBXGroup;
			children = (
				EDF0F08E29F4B87400DD41F5 /* TransactionsListTableViewCell.swift */,
				EDF0F08F29F4B87400DD41F5 /* ListCell.swift */,
				EDF0F0FE29F6522600DD41F5 /* ListCell2.swift */,
			);
			path = Cells;
			sourceTree = "<group>";
		};
		EDF0F09429F4B89300DD41F5 /* ViewModel */ = {
			isa = PBXGroup;
			children = (
				EDF0F09529F4B89300DD41F5 /* TransactionsViewModel.swift */,
			);
			path = ViewModel;
			sourceTree = "<group>";
		};
		EDF0F09D29F4B93200DD41F5 /* CoreDataModel */ = {
			isa = PBXGroup;
			children = (
				EDF0F09729F4B90B00DD41F5 /* TransactionEntity+CoreDataClass.swift */,
				EDF0F09829F4B90B00DD41F5 /* TransactionEntity+CoreDataProperties.swift */,
				EDF0F09229F4B87E00DD41F5 /* CoreDataManager.swift */,
			);
			path = CoreDataModel;
			sourceTree = "<group>";
		};
/* End PBXGroup section */

/* Begin PBXNativeTarget section */
		EDF0F02729F4B6F300DD41F5 /* CodeAcademy_Final */ = {
			isa = PBXNativeTarget;
			buildConfigurationList = EDF0F03F29F4B6F600DD41F5 /* Build configuration list for PBXNativeTarget "CodeAcademy_Final" */;
			buildPhases = (
				EDF0F02429F4B6F300DD41F5 /* Sources */,
				EDF0F02529F4B6F300DD41F5 /* Frameworks */,
				EDF0F02629F4B6F300DD41F5 /* Resources */,
			);
			buildRules = (
			);
			dependencies = (
			);
			name = CodeAcademy_Final;
			productName = CodeAcademy_Final;
			productReference = EDF0F02829F4B6F300DD41F5 /* CodeAcademy_Final.app */;
			productType = "com.apple.product-type.application";
		};
/* End PBXNativeTarget section */

/* Begin PBXProject section */
		EDF0F02029F4B6F300DD41F5 /* Project object */ = {
			isa = PBXProject;
			attributes = {
				BuildIndependentTargetsInParallel = 1;
				LastSwiftUpdateCheck = 1430;
				LastUpgradeCheck = 1430;
				TargetAttributes = {
					EDF0F02729F4B6F300DD41F5 = {
						CreatedOnToolsVersion = 14.3;
					};
				};
			};
			buildConfigurationList = EDF0F02329F4B6F300DD41F5 /* Build configuration list for PBXProject "CodeAcademy_Final" */;
			compatibilityVersion = "Xcode 14.0";
			developmentRegion = en;
			hasScannedForEncodings = 0;
			knownRegions = (
				en,
				Base,
			);
			mainGroup = EDF0F01F29F4B6F300DD41F5;
			productRefGroup = EDF0F02929F4B6F300DD41F5 /* Products */;
			projectDirPath = "";
			projectRoot = "";
			targets = (
				EDF0F02729F4B6F300DD41F5 /* CodeAcademy_Final */,
			);
		};
/* End PBXProject section */

/* Begin PBXResourcesBuildPhase section */
		EDF0F02629F4B6F300DD41F5 /* Resources */ = {
			isa = PBXResourcesBuildPhase;
			buildActionMask = 2147483647;
			files = (
				EDF0F03B29F4B6F600DD41F5 /* LaunchScreen.storyboard in Resources */,
				EDF0F08B29F4B86000DD41F5 /* TransactionsListView.xib in Resources */,
				EDF0F04C29F4B7A400DD41F5 /* Assets.xcassets in Resources */,
				EDF0F04929F4B77A00DD41F5 /* LoginViewController.xib in Resources */,
			);
			runOnlyForDeploymentPostprocessing = 0;
		};
/* End PBXResourcesBuildPhase section */

/* Begin PBXSourcesBuildPhase section */
		EDF0F02429F4B6F300DD41F5 /* Sources */ = {
			isa = PBXSourcesBuildPhase;
			buildActionMask = 2147483647;
			files = (
				EDF0F02C29F4B6F300DD41F5 /* AppDelegate.swift in Sources */,
				EDF0F06329F4B7CF00DD41F5 /* NetworkError.swift in Sources */,
				EDF0F03629F4B6F300DD41F5 /* CodeAcademy_Final.xcdatamodeld in Sources */,
				EDF0F07329F4B82300DD41F5 /* AlertControllerExtension.swift in Sources */,
				EDF0F06F29F4B7CF00DD41F5 /* AccountInfo.swift in Sources */,
				EDF0F04829F4B77A00DD41F5 /* LoginViewController.swift in Sources */,
				EDF0F09629F4B89400DD41F5 /* TransactionsViewModel.swift in Sources */,
				EDF0F06729F4B7CF00DD41F5 /* UpdateUserResponse.swift in Sources */,
				EDF0F07929F4B82800DD41F5 /* HomeViewController.swift in Sources */,
				EDF0F09029F4B87400DD41F5 /* TransactionsListTableViewCell.swift in Sources */,
				EDF0F07029F4B7CF00DD41F5 /* Transfer.swift in Sources */,
				EDF0F06429F4B7CF00DD41F5 /* UserInfo.swift in Sources */,
				EDF0F07C29F4B83000DD41F5 /* TransferViewController.swift in Sources */,
				EDF0F04F29F4B7C500DD41F5 /* TabBarViewController.swift in Sources */,
				EDF0F06D29F4B7CF00DD41F5 /* UserAuthorizationRequest.swift in Sources */,
				EDF0F08A29F4B86000DD41F5 /* TransactionsListViewController.swift in Sources */,
				EDF0F06C29F4B7CF00DD41F5 /* UserRegisterResponse.swift in Sources */,
				EDF0F06A29F4B7CF00DD41F5 /* UserRegisterRequest.swift in Sources */,
				EDF0F09929F4B90B00DD41F5 /* TransactionEntity+CoreDataClass.swift in Sources */,
				EDF0F06E29F4B7CF00DD41F5 /* UpdateBalanceRequest.swift in Sources */,
				EDF0F06229F4B7CF00DD41F5 /* NetworkService.swift in Sources */,
				EDF0F09A29F4B90B00DD41F5 /* TransactionEntity+CoreDataProperties.swift in Sources */,
				EDF0F06529F4B7CF00DD41F5 /* ServiceAPI.swift in Sources */,
				EDF0F0FF29F6522600DD41F5 /* ListCell2.swift in Sources */,
				EDF0F06929F4B7CF00DD41F5 /* UpdateUserRequest.swift in Sources */,
				EDF0F06629F4B7CF00DD41F5 /* TransactionInfo.swift in Sources */,
				EDF0F06829F4B7CF00DD41F5 /* UserAuthenticationResponse.swift in Sources */,
				EDF0F09129F4B87400DD41F5 /* ListCell.swift in Sources */,
				EDF0F02E29F4B6F300DD41F5 /* SceneDelegate.swift in Sources */,
				EDF0F09329F4B87E00DD41F5 /* CoreDataManager.swift in Sources */,
				EDF0F08229F4B83B00DD41F5 /* SettingsViewController.swift in Sources */,
			);
			runOnlyForDeploymentPostprocessing = 0;
		};
/* End PBXSourcesBuildPhase section */

/* Begin PBXVariantGroup section */
		EDF0F03929F4B6F600DD41F5 /* LaunchScreen.storyboard */ = {
			isa = PBXVariantGroup;
			children = (
				EDF0F03A29F4B6F600DD41F5 /* Base */,
			);
			name = LaunchScreen.storyboard;
			sourceTree = "<group>";
		};
/* End PBXVariantGroup section */

/* Begin XCBuildConfiguration section */
		EDF0F03D29F4B6F600DD41F5 /* Debug */ = {
			isa = XCBuildConfiguration;
			buildSettings = {
				ALWAYS_SEARCH_USER_PATHS = NO;
				CLANG_ANALYZER_NONNULL = YES;
				CLANG_ANALYZER_NUMBER_OBJECT_CONVERSION = YES_AGGRESSIVE;
				CLANG_CXX_LANGUAGE_STANDARD = "gnu++20";
				CLANG_ENABLE_MODULES = YES;
				CLANG_ENABLE_OBJC_ARC = YES;
				CLANG_ENABLE_OBJC_WEAK = YES;
				CLANG_WARN_BLOCK_CAPTURE_AUTORELEASING = YES;
				CLANG_WARN_BOOL_CONVERSION = YES;
				CLANG_WARN_COMMA = YES;
				CLANG_WARN_CONSTANT_CONVERSION = YES;
				CLANG_WARN_DEPRECATED_OBJC_IMPLEMENTATIONS = YES;
				CLANG_WARN_DIRECT_OBJC_ISA_USAGE = YES_ERROR;
				CLANG_WARN_DOCUMENTATION_COMMENTS = YES;
				CLANG_WARN_EMPTY_BODY = YES;
				CLANG_WARN_ENUM_CONVERSION = YES;
				CLANG_WARN_INFINITE_RECURSION = YES;
				CLANG_WARN_INT_CONVERSION = YES;
				CLANG_WARN_NON_LITERAL_NULL_CONVERSION = YES;
				CLANG_WARN_OBJC_IMPLICIT_RETAIN_SELF = YES;
				CLANG_WARN_OBJC_LITERAL_CONVERSION = YES;
				CLANG_WARN_OBJC_ROOT_CLASS = YES_ERROR;
				CLANG_WARN_QUOTED_INCLUDE_IN_FRAMEWORK_HEADER = YES;
				CLANG_WARN_RANGE_LOOP_ANALYSIS = YES;
				CLANG_WARN_STRICT_PROTOTYPES = YES;
				CLANG_WARN_SUSPICIOUS_MOVE = YES;
				CLANG_WARN_UNGUARDED_AVAILABILITY = YES_AGGRESSIVE;
				CLANG_WARN_UNREACHABLE_CODE = YES;
				CLANG_WARN__DUPLICATE_METHOD_MATCH = YES;
				COPY_PHASE_STRIP = NO;
				DEBUG_INFORMATION_FORMAT = dwarf;
				ENABLE_STRICT_OBJC_MSGSEND = YES;
				ENABLE_TESTABILITY = YES;
				GCC_C_LANGUAGE_STANDARD = gnu11;
				GCC_DYNAMIC_NO_PIC = NO;
				GCC_NO_COMMON_BLOCKS = YES;
				GCC_OPTIMIZATION_LEVEL = 0;
				GCC_PREPROCESSOR_DEFINITIONS = (
					"DEBUG=1",
					"$(inherited)",
				);
				GCC_WARN_64_TO_32_BIT_CONVERSION = YES;
				GCC_WARN_ABOUT_RETURN_TYPE = YES_ERROR;
				GCC_WARN_UNDECLARED_SELECTOR = YES;
				GCC_WARN_UNINITIALIZED_AUTOS = YES_AGGRESSIVE;
				GCC_WARN_UNUSED_FUNCTION = YES;
				GCC_WARN_UNUSED_VARIABLE = YES;
				IPHONEOS_DEPLOYMENT_TARGET = 16.4;
				MTL_ENABLE_DEBUG_INFO = INCLUDE_SOURCE;
				MTL_FAST_MATH = YES;
				ONLY_ACTIVE_ARCH = YES;
				SDKROOT = iphoneos;
				SWIFT_ACTIVE_COMPILATION_CONDITIONS = DEBUG;
				SWIFT_OPTIMIZATION_LEVEL = "-Onone";
			};
			name = Debug;
		};
		EDF0F03E29F4B6F600DD41F5 /* Release */ = {
			isa = XCBuildConfiguration;
			buildSettings = {
				ALWAYS_SEARCH_USER_PATHS = NO;
				CLANG_ANALYZER_NONNULL = YES;
				CLANG_ANALYZER_NUMBER_OBJECT_CONVERSION = YES_AGGRESSIVE;
				CLANG_CXX_LANGUAGE_STANDARD = "gnu++20";
				CLANG_ENABLE_MODULES = YES;
				CLANG_ENABLE_OBJC_ARC = YES;
				CLANG_ENABLE_OBJC_WEAK = YES;
				CLANG_WARN_BLOCK_CAPTURE_AUTORELEASING = YES;
				CLANG_WARN_BOOL_CONVERSION = YES;
				CLANG_WARN_COMMA = YES;
				CLANG_WARN_CONSTANT_CONVERSION = YES;
				CLANG_WARN_DEPRECATED_OBJC_IMPLEMENTATIONS = YES;
				CLANG_WARN_DIRECT_OBJC_ISA_USAGE = YES_ERROR;
				CLANG_WARN_DOCUMENTATION_COMMENTS = YES;
				CLANG_WARN_EMPTY_BODY = YES;
				CLANG_WARN_ENUM_CONVERSION = YES;
				CLANG_WARN_INFINITE_RECURSION = YES;
				CLANG_WARN_INT_CONVERSION = YES;
				CLANG_WARN_NON_LITERAL_NULL_CONVERSION = YES;
				CLANG_WARN_OBJC_IMPLICIT_RETAIN_SELF = YES;
				CLANG_WARN_OBJC_LITERAL_CONVERSION = YES;
				CLANG_WARN_OBJC_ROOT_CLASS = YES_ERROR;
				CLANG_WARN_QUOTED_INCLUDE_IN_FRAMEWORK_HEADER = YES;
				CLANG_WARN_RANGE_LOOP_ANALYSIS = YES;
				CLANG_WARN_STRICT_PROTOTYPES = YES;
				CLANG_WARN_SUSPICIOUS_MOVE = YES;
				CLANG_WARN_UNGUARDED_AVAILABILITY = YES_AGGRESSIVE;
				CLANG_WARN_UNREACHABLE_CODE = YES;
				CLANG_WARN__DUPLICATE_METHOD_MATCH = YES;
				COPY_PHASE_STRIP = NO;
				DEBUG_INFORMATION_FORMAT = "dwarf-with-dsym";
				ENABLE_NS_ASSERTIONS = NO;
				ENABLE_STRICT_OBJC_MSGSEND = YES;
				GCC_C_LANGUAGE_STANDARD = gnu11;
				GCC_NO_COMMON_BLOCKS = YES;
				GCC_WARN_64_TO_32_BIT_CONVERSION = YES;
				GCC_WARN_ABOUT_RETURN_TYPE = YES_ERROR;
				GCC_WARN_UNDECLARED_SELECTOR = YES;
				GCC_WARN_UNINITIALIZED_AUTOS = YES_AGGRESSIVE;
				GCC_WARN_UNUSED_FUNCTION = YES;
				GCC_WARN_UNUSED_VARIABLE = YES;
				IPHONEOS_DEPLOYMENT_TARGET = 16.4;
				MTL_ENABLE_DEBUG_INFO = NO;
				MTL_FAST_MATH = YES;
				SDKROOT = iphoneos;
				SWIFT_COMPILATION_MODE = wholemodule;
				SWIFT_OPTIMIZATION_LEVEL = "-O";
				VALIDATE_PRODUCT = YES;
			};
			name = Release;
		};
		EDF0F04029F4B6F600DD41F5 /* Debug */ = {
			isa = XCBuildConfiguration;
			buildSettings = {
				ASSETCATALOG_COMPILER_APPICON_NAME = AppIcon;
				ASSETCATALOG_COMPILER_GLOBAL_ACCENT_COLOR_NAME = AccentColor;
				CODE_SIGN_STYLE = Automatic;
				CURRENT_PROJECT_VERSION = 1;
				GENERATE_INFOPLIST_FILE = YES;
				INFOPLIST_FILE = CodeAcademy_Final/Info.plist;
				INFOPLIST_KEY_UIApplicationSupportsIndirectInputEvents = YES;
				INFOPLIST_KEY_UILaunchStoryboardName = LaunchScreen;
				INFOPLIST_KEY_UISupportedInterfaceOrientations_iPad = "UIInterfaceOrientationPortrait UIInterfaceOrientationPortraitUpsideDown UIInterfaceOrientationLandscapeLeft UIInterfaceOrientationLandscapeRight";
				INFOPLIST_KEY_UISupportedInterfaceOrientations_iPhone = "UIInterfaceOrientationPortrait UIInterfaceOrientationLandscapeLeft UIInterfaceOrientationLandscapeRight";
				LD_RUNPATH_SEARCH_PATHS = (
					"$(inherited)",
					"@executable_path/Frameworks",
				);
				MARKETING_VERSION = 1.0;
				PRODUCT_BUNDLE_IDENTIFIER = "com.maxw31l.CodeAcademy-Final";
				PRODUCT_NAME = "$(TARGET_NAME)";
				SWIFT_EMIT_LOC_STRINGS = YES;
				SWIFT_VERSION = 5.0;
				TARGETED_DEVICE_FAMILY = "1,2";
			};
			name = Debug;
		};
		EDF0F04129F4B6F600DD41F5 /* Release */ = {
			isa = XCBuildConfiguration;
			buildSettings = {
				ASSETCATALOG_COMPILER_APPICON_NAME = AppIcon;
				ASSETCATALOG_COMPILER_GLOBAL_ACCENT_COLOR_NAME = AccentColor;
				CODE_SIGN_STYLE = Automatic;
				CURRENT_PROJECT_VERSION = 1;
				GENERATE_INFOPLIST_FILE = YES;
				INFOPLIST_FILE = CodeAcademy_Final/Info.plist;
				INFOPLIST_KEY_UIApplicationSupportsIndirectInputEvents = YES;
				INFOPLIST_KEY_UILaunchStoryboardName = LaunchScreen;
				INFOPLIST_KEY_UISupportedInterfaceOrientations_iPad = "UIInterfaceOrientationPortrait UIInterfaceOrientationPortraitUpsideDown UIInterfaceOrientationLandscapeLeft UIInterfaceOrientationLandscapeRight";
				INFOPLIST_KEY_UISupportedInterfaceOrientations_iPhone = "UIInterfaceOrientationPortrait UIInterfaceOrientationLandscapeLeft UIInterfaceOrientationLandscapeRight";
				LD_RUNPATH_SEARCH_PATHS = (
					"$(inherited)",
					"@executable_path/Frameworks",
				);
				MARKETING_VERSION = 1.0;
				PRODUCT_BUNDLE_IDENTIFIER = "com.maxw31l.CodeAcademy-Final";
				PRODUCT_NAME = "$(TARGET_NAME)";
				SWIFT_EMIT_LOC_STRINGS = YES;
				SWIFT_VERSION = 5.0;
				TARGETED_DEVICE_FAMILY = "1,2";
			};
			name = Release;
		};
/* End XCBuildConfiguration section */

/* Begin XCConfigurationList section */
		EDF0F02329F4B6F300DD41F5 /* Build configuration list for PBXProject "CodeAcademy_Final" */ = {
			isa = XCConfigurationList;
			buildConfigurations = (
				EDF0F03D29F4B6F600DD41F5 /* Debug */,
				EDF0F03E29F4B6F600DD41F5 /* Release */,
			);
			defaultConfigurationIsVisible = 0;
			defaultConfigurationName = Release;
		};
		EDF0F03F29F4B6F600DD41F5 /* Build configuration list for PBXNativeTarget "CodeAcademy_Final" */ = {
			isa = XCConfigurationList;
			buildConfigurations = (
				EDF0F04029F4B6F600DD41F5 /* Debug */,
				EDF0F04129F4B6F600DD41F5 /* Release */,
			);
			defaultConfigurationIsVisible = 0;
			defaultConfigurationName = Release;
		};
/* End XCConfigurationList section */

/* Begin XCVersionGroup section */
		EDF0F03429F4B6F300DD41F5 /* CodeAcademy_Final.xcdatamodeld */ = {
			isa = XCVersionGroup;
			children = (
				EDF0F03529F4B6F300DD41F5 /* CodeAcademy_Final.xcdatamodel */,
			);
			currentVersion = EDF0F03529F4B6F300DD41F5 /* CodeAcademy_Final.xcdatamodel */;
			path = CodeAcademy_Final.xcdatamodeld;
			sourceTree = "<group>";
			versionGroupType = wrapper.xcdatamodel;
		};
/* End XCVersionGroup section */
	};
	rootObject = EDF0F02029F4B6F300DD41F5 /* Project object */;
}
